
Microsoft Visual Studio Solution File, Format Version 12.00
# Visual Studio 15
VisualStudioVersion = 15.0.27004.2006
MinimumVisualStudioVersion = 10.0.40219.1
Project("{FAE04EC0-301F-11D3-BF4B-00C04F79EFBC}") = "Biblioteka", "Biblioteka\Biblioteka.csproj", "{0813BB7C-CD67-4268-9CB1-AFDCDD1611E5}"
EndProject
Project("{FAE04EC0-301F-11D3-BF4B-00C04F79EFBC}") = "Konsola", "Konsola\Konsola.csproj", "{05D0B7CF-92F9-42E3-8B4D-5280915C3268}"
EndProject
Global
	GlobalSection(SolutionConfigurationPlatforms) = preSolution
		Debug|Any CPU = Debug|Any CPU
		Release|Any CPU = Release|Any CPU
	EndGlobalSection
	GlobalSection(ProjectConfigurationPlatforms) = postSolution
		{0813BB7C-CD67-4268-9CB1-AFDCDD1611E5}.Debug|Any CPU.ActiveCfg = Debug|Any CPU
		{0813BB7C-CD67-4268-9CB1-AFDCDD1611E5}.Debug|Any CPU.Build.0 = Debug|Any CPU
		{0813BB7C-CD67-4268-9CB1-AFDCDD1611E5}.Release|Any CPU.ActiveCfg = Release|Any CPU
		{0813BB7C-CD67-4268-9CB1-AFDCDD1611E5}.Release|Any CPU.Build.0 = Release|Any CPU
		{05D0B7CF-92F9-42E3-8B4D-5280915C3268}.Debug|Any CPU.ActiveCfg = Debug|Any CPU
		{05D0B7CF-92F9-42E3-8B4D-5280915C3268}.Debug|Any CPU.Build.0 = Debug|Any CPU
		{05D0B7CF-92F9-42E3-8B4D-5280915C3268}.Release|Any CPU.ActiveCfg = Release|Any CPU
		{05D0B7CF-92F9-42E3-8B4D-5280915C3268}.Release|Any CPU.Build.0 = Release|Any CPU
	EndGlobalSection
	GlobalSection(SolutionProperties) = preSolution
		HideSolutionNode = FALSE
	EndGlobalSection
	GlobalSection(ExtensibilityGlobals) = postSolution
		SolutionGuid = {ABE3335D-D25A-4417-BDA4-09118AD4CE17}
	EndGlobalSection
EndGlobal
